
Microsoft Visual Studio Solution File, Format Version 12.00
# Visual Studio Version 17
VisualStudioVersion = 17.2.32616.157
MinimumVisualStudioVersion = 10.0.40219.1
Project("{FAE04EC0-301F-11D3-BF4B-00C04F79EFBC}") = "AstroOdyssey", "AstroOdyssey\AstroOdyssey\AstroOdyssey.csproj", "{390CDDFA-9920-41A0-8092-1272B075EF7D}"
EndProject
Project("{FAE04EC0-301F-11D3-BF4B-00C04F79EFBC}") = "AstroOdyssey.Browser", "AstroOdyssey\AstroOdyssey.Browser\AstroOdyssey.Browser.csproj", "{B2D59D81-F636-4B16-B920-3901A2557069}"
EndProject
Global
	GlobalSection(SolutionConfigurationPlatforms) = preSolution
		Debug|Any CPU = Debug|Any CPU
		Release|Any CPU = Release|Any CPU
	EndGlobalSection
	GlobalSection(ProjectConfigurationPlatforms) = postSolution
		{390CDDFA-9920-41A0-8092-1272B075EF7D}.Debug|Any CPU.ActiveCfg = Debug|Any CPU
		{390CDDFA-9920-41A0-8092-1272B075EF7D}.Debug|Any CPU.Build.0 = Debug|Any CPU
		{390CDDFA-9920-41A0-8092-1272B075EF7D}.Release|Any CPU.ActiveCfg = Release|Any CPU
		{390CDDFA-9920-41A0-8092-1272B075EF7D}.Release|Any CPU.Build.0 = Release|Any CPU
		{B2D59D81-F636-4B16-B920-3901A2557069}.Debug|Any CPU.ActiveCfg = Debug|Any CPU
		{B2D59D81-F636-4B16-B920-3901A2557069}.Debug|Any CPU.Build.0 = Debug|Any CPU
		{B2D59D81-F636-4B16-B920-3901A2557069}.Release|Any CPU.ActiveCfg = Release|Any CPU
		{B2D59D81-F636-4B16-B920-3901A2557069}.Release|Any CPU.Build.0 = Release|Any CPU
	EndGlobalSection
	GlobalSection(SolutionProperties) = preSolution
		HideSolutionNode = FALSE
	EndGlobalSection
	GlobalSection(ExtensibilityGlobals) = postSolution
		SolutionGuid = {08E6619A-36E0-488B-B84F-D5C08A67F154}
	EndGlobalSection
EndGlobal
